// !$*UTF8*$!
{
	archiveVersion = 1;
	classes = {
	};
	objectVersion = 56;
	objects = {

/* Begin PBXBuildFile section */
		3D2507A12AFE6391008835E5 /* TransportMonitoringApp.swift in Sources */ = {isa = PBXBuildFile; fileRef = 3D2507A02AFE6391008835E5 /* TransportMonitoringApp.swift */; };
		3D2507A32AFE6391008835E5 /* MainView.swift in Sources */ = {isa = PBXBuildFile; fileRef = 3D2507A22AFE6391008835E5 /* MainView.swift */; };
		3D2507A52AFE6392008835E5 /* Assets.xcassets in Resources */ = {isa = PBXBuildFile; fileRef = 3D2507A42AFE6392008835E5 /* Assets.xcassets */; };
		3D2507A82AFE6392008835E5 /* Preview Assets.xcassets in Resources */ = {isa = PBXBuildFile; fileRef = 3D2507A72AFE6392008835E5 /* Preview Assets.xcassets */; };
		3D2507AF2AFE7323008835E5 /* MapView.swift in Sources */ = {isa = PBXBuildFile; fileRef = 3D2507AE2AFE7323008835E5 /* MapView.swift */; };
		3D2507B12AFE75C5008835E5 /* MapViewController.swift in Sources */ = {isa = PBXBuildFile; fileRef = 3D2507B02AFE75C5008835E5 /* MapViewController.swift */; };
		3D2507B32AFE87F4008835E5 /* ForegroundColor.swift in Sources */ = {isa = PBXBuildFile; fileRef = 3D2507B22AFE87F4008835E5 /* ForegroundColor.swift */; };
		3D2507B52AFEA379008835E5 /* CustomSlider.swift in Sources */ = {isa = PBXBuildFile; fileRef = 3D2507B42AFEA379008835E5 /* CustomSlider.swift */; };
		3D2507B72AFEBBBD008835E5 /* MapButton.swift in Sources */ = {isa = PBXBuildFile; fileRef = 3D2507B62AFEBBBD008835E5 /* MapButton.swift */; };
		3D2507BA2AFEC03F008835E5 /* Color+Extension.swift in Sources */ = {isa = PBXBuildFile; fileRef = 3D2507B92AFEC03F008835E5 /* Color+Extension.swift */; };
		3D2507BC2AFECB0D008835E5 /* VisualEffectView.swift in Sources */ = {isa = PBXBuildFile; fileRef = 3D2507BB2AFECB0D008835E5 /* VisualEffectView.swift */; };
		8F9DFE530485DE698437A429 /* Pods_TransportMonitoring.framework in Frameworks */ = {isa = PBXBuildFile; fileRef = AE54D21CCFAE7FF98AA588DA /* Pods_TransportMonitoring.framework */; };
/* End PBXBuildFile section */

/* Begin PBXFileReference section */
		3D25079D2AFE6391008835E5 /* TransportMonitoring.app */ = {isa = PBXFileReference; explicitFileType = wrapper.application; includeInIndex = 0; path = TransportMonitoring.app; sourceTree = BUILT_PRODUCTS_DIR; };
		3D2507A02AFE6391008835E5 /* TransportMonitoringApp.swift */ = {isa = PBXFileReference; lastKnownFileType = sourcecode.swift; path = TransportMonitoringApp.swift; sourceTree = "<group>"; };
		3D2507A22AFE6391008835E5 /* MainView.swift */ = {isa = PBXFileReference; lastKnownFileType = sourcecode.swift; path = MainView.swift; sourceTree = "<group>"; };
		3D2507A42AFE6392008835E5 /* Assets.xcassets */ = {isa = PBXFileReference; lastKnownFileType = folder.assetcatalog; path = Assets.xcassets; sourceTree = "<group>"; };
		3D2507A72AFE6392008835E5 /* Preview Assets.xcassets */ = {isa = PBXFileReference; lastKnownFileType = folder.assetcatalog; path = "Preview Assets.xcassets"; sourceTree = "<group>"; };
		3D2507AE2AFE7323008835E5 /* MapView.swift */ = {isa = PBXFileReference; lastKnownFileType = sourcecode.swift; path = MapView.swift; sourceTree = "<group>"; };
		3D2507B02AFE75C5008835E5 /* MapViewController.swift */ = {isa = PBXFileReference; lastKnownFileType = sourcecode.swift; path = MapViewController.swift; sourceTree = "<group>"; };
		3D2507B22AFE87F4008835E5 /* ForegroundColor.swift */ = {isa = PBXFileReference; lastKnownFileType = sourcecode.swift; path = ForegroundColor.swift; sourceTree = "<group>"; };
		3D2507B42AFEA379008835E5 /* CustomSlider.swift */ = {isa = PBXFileReference; lastKnownFileType = sourcecode.swift; path = CustomSlider.swift; sourceTree = "<group>"; };
		3D2507B62AFEBBBD008835E5 /* MapButton.swift */ = {isa = PBXFileReference; lastKnownFileType = sourcecode.swift; path = MapButton.swift; sourceTree = "<group>"; };
		3D2507B92AFEC03F008835E5 /* Color+Extension.swift */ = {isa = PBXFileReference; lastKnownFileType = sourcecode.swift; path = "Color+Extension.swift"; sourceTree = "<group>"; };
		3D2507BB2AFECB0D008835E5 /* VisualEffectView.swift */ = {isa = PBXFileReference; lastKnownFileType = sourcecode.swift; path = VisualEffectView.swift; sourceTree = "<group>"; };
		57A39C168A1370F34B77DC6A /* Pods-TransportMonitoring.debug.xcconfig */ = {isa = PBXFileReference; includeInIndex = 1; lastKnownFileType = text.xcconfig; name = "Pods-TransportMonitoring.debug.xcconfig"; path = "Target Support Files/Pods-TransportMonitoring/Pods-TransportMonitoring.debug.xcconfig"; sourceTree = "<group>"; };
		AE54D21CCFAE7FF98AA588DA /* Pods_TransportMonitoring.framework */ = {isa = PBXFileReference; explicitFileType = wrapper.framework; includeInIndex = 0; path = Pods_TransportMonitoring.framework; sourceTree = BUILT_PRODUCTS_DIR; };
		C852CD0772FC5120C7E4E660 /* Pods-TransportMonitoring.release.xcconfig */ = {isa = PBXFileReference; includeInIndex = 1; lastKnownFileType = text.xcconfig; name = "Pods-TransportMonitoring.release.xcconfig"; path = "Target Support Files/Pods-TransportMonitoring/Pods-TransportMonitoring.release.xcconfig"; sourceTree = "<group>"; };
/* End PBXFileReference section */

/* Begin PBXFrameworksBuildPhase section */
		3D25079A2AFE6391008835E5 /* Frameworks */ = {
			isa = PBXFrameworksBuildPhase;
			buildActionMask = 2147483647;
			files = (
				8F9DFE530485DE698437A429 /* Pods_TransportMonitoring.framework in Frameworks */,
			);
			runOnlyForDeploymentPostprocessing = 0;
		};
/* End PBXFrameworksBuildPhase section */

/* Begin PBXGroup section */
		3D2507942AFE6390008835E5 = {
			isa = PBXGroup;
			children = (
				3D25079F2AFE6391008835E5 /* TransportMonitoring */,
				3D25079E2AFE6391008835E5 /* Products */,
				4ECDD4E4DADB28AF046874DB /* Pods */,
				BD9CF79F30E0DA1703419E29 /* Frameworks */,
			);
			sourceTree = "<group>";
		};
		3D25079E2AFE6391008835E5 /* Products */ = {
			isa = PBXGroup;
			children = (
				3D25079D2AFE6391008835E5 /* TransportMonitoring.app */,
			);
			name = Products;
			sourceTree = "<group>";
		};
		3D25079F2AFE6391008835E5 /* TransportMonitoring */ = {
			isa = PBXGroup;
			children = (
				3D2507A02AFE6391008835E5 /* TransportMonitoringApp.swift */,
				3D2507A22AFE6391008835E5 /* MainView.swift */,
				3D2507AE2AFE7323008835E5 /* MapView.swift */,
				3D2507B02AFE75C5008835E5 /* MapViewController.swift */,
				3D2507B22AFE87F4008835E5 /* ForegroundColor.swift */,
				3D2507B42AFEA379008835E5 /* CustomSlider.swift */,
				3D2507B62AFEBBBD008835E5 /* MapButton.swift */,
				3D2507B82AFEC029008835E5 /* DesignSystem */,
				3D2507A42AFE6392008835E5 /* Assets.xcassets */,
				3D2507A62AFE6392008835E5 /* Preview Content */,
			);
			path = TransportMonitoring;
			sourceTree = "<group>";
		};
		3D2507A62AFE6392008835E5 /* Preview Content */ = {
			isa = PBXGroup;
			children = (
				3D2507A72AFE6392008835E5 /* Preview Assets.xcassets */,
			);
			path = "Preview Content";
			sourceTree = "<group>";
		};
		3D2507B82AFEC029008835E5 /* DesignSystem */ = {
			isa = PBXGroup;
			children = (
				3D2507B92AFEC03F008835E5 /* Color+Extension.swift */,
				3D2507BB2AFECB0D008835E5 /* VisualEffectView.swift */,
			);
			path = DesignSystem;
			sourceTree = "<group>";
		};
		4ECDD4E4DADB28AF046874DB /* Pods */ = {
			isa = PBXGroup;
			children = (
				57A39C168A1370F34B77DC6A /* Pods-TransportMonitoring.debug.xcconfig */,
				C852CD0772FC5120C7E4E660 /* Pods-TransportMonitoring.release.xcconfig */,
			);
			path = Pods;
			sourceTree = "<group>";
		};
		BD9CF79F30E0DA1703419E29 /* Frameworks */ = {
			isa = PBXGroup;
			children = (
				AE54D21CCFAE7FF98AA588DA /* Pods_TransportMonitoring.framework */,
			);
			name = Frameworks;
			sourceTree = "<group>";
		};
/* End PBXGroup section */

/* Begin PBXNativeTarget section */
		3D25079C2AFE6391008835E5 /* TransportMonitoring */ = {
			isa = PBXNativeTarget;
			buildConfigurationList = 3D2507AB2AFE6392008835E5 /* Build configuration list for PBXNativeTarget "TransportMonitoring" */;
			buildPhases = (
				152FC211DF859E65988FE43A /* [CP] Check Pods Manifest.lock */,
				3D2507992AFE6391008835E5 /* Sources */,
				3D25079A2AFE6391008835E5 /* Frameworks */,
				3D25079B2AFE6391008835E5 /* Resources */,
				AD7F1A8E1CC5F8EA3EB34E66 /* [CP] Copy Pods Resources */,
			);
			buildRules = (
			);
			dependencies = (
			);
			name = TransportMonitoring;
			productName = TransportMonitoring;
			productReference = 3D25079D2AFE6391008835E5 /* TransportMonitoring.app */;
			productType = "com.apple.product-type.application";
		};
/* End PBXNativeTarget section */

/* Begin PBXProject section */
		3D2507952AFE6390008835E5 /* Project object */ = {
			isa = PBXProject;
			attributes = {
				BuildIndependentTargetsInParallel = 1;
				LastSwiftUpdateCheck = 1500;
				LastUpgradeCheck = 1500;
				TargetAttributes = {
					3D25079C2AFE6391008835E5 = {
						CreatedOnToolsVersion = 15.0;
					};
				};
			};
			buildConfigurationList = 3D2507982AFE6390008835E5 /* Build configuration list for PBXProject "TransportMonitoring" */;
			compatibilityVersion = "Xcode 14.0";
			developmentRegion = en;
			hasScannedForEncodings = 0;
			knownRegions = (
				en,
				Base,
			);
			mainGroup = 3D2507942AFE6390008835E5;
			productRefGroup = 3D25079E2AFE6391008835E5 /* Products */;
			projectDirPath = "";
			projectRoot = "";
			targets = (
				3D25079C2AFE6391008835E5 /* TransportMonitoring */,
			);
		};
/* End PBXProject section */

/* Begin PBXResourcesBuildPhase section */
		3D25079B2AFE6391008835E5 /* Resources */ = {
			isa = PBXResourcesBuildPhase;
			buildActionMask = 2147483647;
			files = (
				3D2507A82AFE6392008835E5 /* Preview Assets.xcassets in Resources */,
				3D2507A52AFE6392008835E5 /* Assets.xcassets in Resources */,
			);
			runOnlyForDeploymentPostprocessing = 0;
		};
/* End PBXResourcesBuildPhase section */

/* Begin PBXShellScriptBuildPhase section */
		152FC211DF859E65988FE43A /* [CP] Check Pods Manifest.lock */ = {
			isa = PBXShellScriptBuildPhase;
			buildActionMask = 2147483647;
			files = (
			);
			inputFileListPaths = (
			);
			inputPaths = (
				"${PODS_PODFILE_DIR_PATH}/Podfile.lock",
				"${PODS_ROOT}/Manifest.lock",
			);
			name = "[CP] Check Pods Manifest.lock";
			outputFileListPaths = (
			);
			outputPaths = (
				"$(DERIVED_FILE_DIR)/Pods-TransportMonitoring-checkManifestLockResult.txt",
			);
			runOnlyForDeploymentPostprocessing = 0;
			shellPath = /bin/sh;
			shellScript = "diff \"${PODS_PODFILE_DIR_PATH}/Podfile.lock\" \"${PODS_ROOT}/Manifest.lock\" > /dev/null\nif [ $? != 0 ] ; then\n    # print error to STDERR\n    echo \"error: The sandbox is not in sync with the Podfile.lock. Run 'pod install' or update your CocoaPods installation.\" >&2\n    exit 1\nfi\n# This output is used by Xcode 'outputs' to avoid re-running this script phase.\necho \"SUCCESS\" > \"${SCRIPT_OUTPUT_FILE_0}\"\n";
			showEnvVarsInLog = 0;
		};
		AD7F1A8E1CC5F8EA3EB34E66 /* [CP] Copy Pods Resources */ = {
			isa = PBXShellScriptBuildPhase;
			buildActionMask = 2147483647;
			files = (
			);
			inputFileListPaths = (
				"${PODS_ROOT}/Target Support Files/Pods-TransportMonitoring/Pods-TransportMonitoring-resources-${CONFIGURATION}-input-files.xcfilelist",
			);
			name = "[CP] Copy Pods Resources";
			outputFileListPaths = (
				"${PODS_ROOT}/Target Support Files/Pods-TransportMonitoring/Pods-TransportMonitoring-resources-${CONFIGURATION}-output-files.xcfilelist",
			);
			runOnlyForDeploymentPostprocessing = 0;
			shellPath = /bin/sh;
			shellScript = "\"${PODS_ROOT}/Target Support Files/Pods-TransportMonitoring/Pods-TransportMonitoring-resources.sh\"\n";
			showEnvVarsInLog = 0;
		};
/* End PBXShellScriptBuildPhase section */

/* Begin PBXSourcesBuildPhase section */
		3D2507992AFE6391008835E5 /* Sources */ = {
			isa = PBXSourcesBuildPhase;
			buildActionMask = 2147483647;
			files = (
				3D2507B72AFEBBBD008835E5 /* MapButton.swift in Sources */,
				3D2507A32AFE6391008835E5 /* MainView.swift in Sources */,
				3D2507BC2AFECB0D008835E5 /* VisualEffectView.swift in Sources */,
				3D2507B52AFEA379008835E5 /* CustomSlider.swift in Sources */,
				3D2507AF2AFE7323008835E5 /* MapView.swift in Sources */,
				3D2507B32AFE87F4008835E5 /* ForegroundColor.swift in Sources */,
				3D2507A12AFE6391008835E5 /* TransportMonitoringApp.swift in Sources */,
				3D2507B12AFE75C5008835E5 /* MapViewController.swift in Sources */,
				3D2507BA2AFEC03F008835E5 /* Color+Extension.swift in Sources */,
			);
			runOnlyForDeploymentPostprocessing = 0;
		};
/* End PBXSourcesBuildPhase section */

/* Begin XCBuildConfiguration section */
		3D2507A92AFE6392008835E5 /* Debug */ = {
			isa = XCBuildConfiguration;
			buildSettings = {
				ALWAYS_SEARCH_USER_PATHS = NO;
				ASSETCATALOG_COMPILER_GENERATE_SWIFT_ASSET_SYMBOL_EXTENSIONS = YES;
				CLANG_ANALYZER_NONNULL = YES;
				CLANG_ANALYZER_NUMBER_OBJECT_CONVERSION = YES_AGGRESSIVE;
				CLANG_CXX_LANGUAGE_STANDARD = "gnu++20";
				CLANG_ENABLE_MODULES = YES;
				CLANG_ENABLE_OBJC_ARC = YES;
				CLANG_ENABLE_OBJC_WEAK = YES;
				CLANG_WARN_BLOCK_CAPTURE_AUTORELEASING = YES;
				CLANG_WARN_BOOL_CONVERSION = YES;
				CLANG_WARN_COMMA = YES;
				CLANG_WARN_CONSTANT_CONVERSION = YES;
				CLANG_WARN_DEPRECATED_OBJC_IMPLEMENTATIONS = YES;
				CLANG_WARN_DIRECT_OBJC_ISA_USAGE = YES_ERROR;
				CLANG_WARN_DOCUMENTATION_COMMENTS = YES;
				CLANG_WARN_EMPTY_BODY = YES;
				CLANG_WARN_ENUM_CONVERSION = YES;
				CLANG_WARN_INFINITE_RECURSION = YES;
				CLANG_WARN_INT_CONVERSION = YES;
				CLANG_WARN_NON_LITERAL_NULL_CONVERSION = YES;
				CLANG_WARN_OBJC_IMPLICIT_RETAIN_SELF = YES;
				CLANG_WARN_OBJC_LITERAL_CONVERSION = YES;
				CLANG_WARN_OBJC_ROOT_CLASS = YES_ERROR;
				CLANG_WARN_QUOTED_INCLUDE_IN_FRAMEWORK_HEADER = YES;
				CLANG_WARN_RANGE_LOOP_ANALYSIS = YES;
				CLANG_WARN_STRICT_PROTOTYPES = YES;
				CLANG_WARN_SUSPICIOUS_MOVE = YES;
				CLANG_WARN_UNGUARDED_AVAILABILITY = YES_AGGRESSIVE;
				CLANG_WARN_UNREACHABLE_CODE = YES;
				CLANG_WARN__DUPLICATE_METHOD_MATCH = YES;
				COPY_PHASE_STRIP = NO;
				DEBUG_INFORMATION_FORMAT = dwarf;
				ENABLE_STRICT_OBJC_MSGSEND = YES;
				ENABLE_TESTABILITY = YES;
				ENABLE_USER_SCRIPT_SANDBOXING = YES;
				GCC_C_LANGUAGE_STANDARD = gnu17;
				GCC_DYNAMIC_NO_PIC = NO;
				GCC_NO_COMMON_BLOCKS = YES;
				GCC_OPTIMIZATION_LEVEL = 0;
				GCC_PREPROCESSOR_DEFINITIONS = (
					"DEBUG=1",
					"$(inherited)",
				);
				GCC_WARN_64_TO_32_BIT_CONVERSION = YES;
				GCC_WARN_ABOUT_RETURN_TYPE = YES_ERROR;
				GCC_WARN_UNDECLARED_SELECTOR = YES;
				GCC_WARN_UNINITIALIZED_AUTOS = YES_AGGRESSIVE;
				GCC_WARN_UNUSED_FUNCTION = YES;
				GCC_WARN_UNUSED_VARIABLE = YES;
				IPHONEOS_DEPLOYMENT_TARGET = 17.0;
				LOCALIZATION_PREFERS_STRING_CATALOGS = YES;
				MTL_ENABLE_DEBUG_INFO = INCLUDE_SOURCE;
				MTL_FAST_MATH = YES;
				ONLY_ACTIVE_ARCH = YES;
				SDKROOT = iphoneos;
				SWIFT_ACTIVE_COMPILATION_CONDITIONS = "DEBUG $(inherited)";
				SWIFT_OPTIMIZATION_LEVEL = "-Onone";
			};
			name = Debug;
		};
		3D2507AA2AFE6392008835E5 /* Release */ = {
			isa = XCBuildConfiguration;
			buildSettings = {
				ALWAYS_SEARCH_USER_PATHS = NO;
				ASSETCATALOG_COMPILER_GENERATE_SWIFT_ASSET_SYMBOL_EXTENSIONS = YES;
				CLANG_ANALYZER_NONNULL = YES;
				CLANG_ANALYZER_NUMBER_OBJECT_CONVERSION = YES_AGGRESSIVE;
				CLANG_CXX_LANGUAGE_STANDARD = "gnu++20";
				CLANG_ENABLE_MODULES = YES;
				CLANG_ENABLE_OBJC_ARC = YES;
				CLANG_ENABLE_OBJC_WEAK = YES;
				CLANG_WARN_BLOCK_CAPTURE_AUTORELEASING = YES;
				CLANG_WARN_BOOL_CONVERSION = YES;
				CLANG_WARN_COMMA = YES;
				CLANG_WARN_CONSTANT_CONVERSION = YES;
				CLANG_WARN_DEPRECATED_OBJC_IMPLEMENTATIONS = YES;
				CLANG_WARN_DIRECT_OBJC_ISA_USAGE = YES_ERROR;
				CLANG_WARN_DOCUMENTATION_COMMENTS = YES;
				CLANG_WARN_EMPTY_BODY = YES;
				CLANG_WARN_ENUM_CONVERSION = YES;
				CLANG_WARN_INFINITE_RECURSION = YES;
				CLANG_WARN_INT_CONVERSION = YES;
				CLANG_WARN_NON_LITERAL_NULL_CONVERSION = YES;
				CLANG_WARN_OBJC_IMPLICIT_RETAIN_SELF = YES;
				CLANG_WARN_OBJC_LITERAL_CONVERSION = YES;
				CLANG_WARN_OBJC_ROOT_CLASS = YES_ERROR;
				CLANG_WARN_QUOTED_INCLUDE_IN_FRAMEWORK_HEADER = YES;
				CLANG_WARN_RANGE_LOOP_ANALYSIS = YES;
				CLANG_WARN_STRICT_PROTOTYPES = YES;
				CLANG_WARN_SUSPICIOUS_MOVE = YES;
				CLANG_WARN_UNGUARDED_AVAILABILITY = YES_AGGRESSIVE;
				CLANG_WARN_UNREACHABLE_CODE = YES;
				CLANG_WARN__DUPLICATE_METHOD_MATCH = YES;
				COPY_PHASE_STRIP = NO;
				DEBUG_INFORMATION_FORMAT = "dwarf-with-dsym";
				ENABLE_NS_ASSERTIONS = NO;
				ENABLE_STRICT_OBJC_MSGSEND = YES;
				ENABLE_USER_SCRIPT_SANDBOXING = YES;
				GCC_C_LANGUAGE_STANDARD = gnu17;
				GCC_NO_COMMON_BLOCKS = YES;
				GCC_WARN_64_TO_32_BIT_CONVERSION = YES;
				GCC_WARN_ABOUT_RETURN_TYPE = YES_ERROR;
				GCC_WARN_UNDECLARED_SELECTOR = YES;
				GCC_WARN_UNINITIALIZED_AUTOS = YES_AGGRESSIVE;
				GCC_WARN_UNUSED_FUNCTION = YES;
				GCC_WARN_UNUSED_VARIABLE = YES;
				IPHONEOS_DEPLOYMENT_TARGET = 17.0;
				LOCALIZATION_PREFERS_STRING_CATALOGS = YES;
				MTL_ENABLE_DEBUG_INFO = NO;
				MTL_FAST_MATH = YES;
				SDKROOT = iphoneos;
				SWIFT_COMPILATION_MODE = wholemodule;
				VALIDATE_PRODUCT = YES;
			};
			name = Release;
		};
		3D2507AC2AFE6392008835E5 /* Debug */ = {
			isa = XCBuildConfiguration;
			baseConfigurationReference = 57A39C168A1370F34B77DC6A /* Pods-TransportMonitoring.debug.xcconfig */;
			buildSettings = {
				ASSETCATALOG_COMPILER_APPICON_NAME = AppIcon;
				ASSETCATALOG_COMPILER_GLOBAL_ACCENT_COLOR_NAME = AccentColor;
				CODE_SIGN_STYLE = Automatic;
				CURRENT_PROJECT_VERSION = 1;
				DEVELOPMENT_ASSET_PATHS = "\"TransportMonitoring/Preview Content\"";
				DEVELOPMENT_TEAM = WEZ4D5M6R9;
				ENABLE_PREVIEWS = YES;
				ENABLE_USER_SCRIPT_SANDBOXING = NO;
				GENERATE_INFOPLIST_FILE = YES;
				INFOPLIST_KEY_UIApplicationSceneManifest_Generation = YES;
				INFOPLIST_KEY_UIApplicationSupportsIndirectInputEvents = YES;
				INFOPLIST_KEY_UILaunchScreen_Generation = YES;
				INFOPLIST_KEY_UISupportedInterfaceOrientations = UIInterfaceOrientationPortrait;
				INFOPLIST_KEY_UISupportedInterfaceOrientations_iPad = "UIInterfaceOrientationLandscapeLeft UIInterfaceOrientationLandscapeRight UIInterfaceOrientationPortrait UIInterfaceOrientationPortraitUpsideDown";
				IPHONEOS_DEPLOYMENT_TARGET = 14.0;
				LD_RUNPATH_SEARCH_PATHS = (
					"$(inherited)",
					"@executable_path/Frameworks",
				);
				MARKETING_VERSION = 1.0;
				PRODUCT_BUNDLE_IDENTIFIER = com.VadimKuzmin.TransportMonitoring;
				PRODUCT_NAME = "$(TARGET_NAME)";
				SUPPORTED_PLATFORMS = "iphoneos iphonesimulator";
				SUPPORTS_MACCATALYST = NO;
				SUPPORTS_MAC_DESIGNED_FOR_IPHONE_IPAD = NO;
				SWIFT_EMIT_LOC_STRINGS = YES;
				SWIFT_VERSION = 5.0;
				TARGETED_DEVICE_FAMILY = 1;
			};
			name = Debug;
		};
		3D2507AD2AFE6392008835E5 /* Release */ = {
			isa = XCBuildConfiguration;
			baseConfigurationReference = C852CD0772FC5120C7E4E660 /* Pods-TransportMonitoring.release.xcconfig */;
			buildSettings = {
				ASSETCATALOG_COMPILER_APPICON_NAME = AppIcon;
				ASSETCATALOG_COMPILER_GLOBAL_ACCENT_COLOR_NAME = AccentColor;
				CODE_SIGN_STYLE = Automatic;
				CURRENT_PROJECT_VERSION = 1;
				DEVELOPMENT_ASSET_PATHS = "\"TransportMonitoring/Preview Content\"";
				DEVELOPMENT_TEAM = WEZ4D5M6R9;
				ENABLE_PREVIEWS = YES;
				ENABLE_USER_SCRIPT_SANDBOXING = NO;
				GENERATE_INFOPLIST_FILE = YES;
				INFOPLIST_KEY_UIApplicationSceneManifest_Generation = YES;
				INFOPLIST_KEY_UIApplicationSupportsIndirectInputEvents = YES;
				INFOPLIST_KEY_UILaunchScreen_Generation = YES;
				INFOPLIST_KEY_UISupportedInterfaceOrientations = UIInterfaceOrientationPortrait;
				INFOPLIST_KEY_UISupportedInterfaceOrientations_iPad = "UIInterfaceOrientationLandscapeLeft UIInterfaceOrientationLandscapeRight UIInterfaceOrientationPortrait UIInterfaceOrientationPortraitUpsideDown";
				IPHONEOS_DEPLOYMENT_TARGET = 14.0;
				LD_RUNPATH_SEARCH_PATHS = (
					"$(inherited)",
					"@executable_path/Frameworks",
				);
				MARKETING_VERSION = 1.0;
				PRODUCT_BUNDLE_IDENTIFIER = com.VadimKuzmin.TransportMonitoring;
				PRODUCT_NAME = "$(TARGET_NAME)";
				SUPPORTED_PLATFORMS = "iphoneos iphonesimulator";
				SUPPORTS_MACCATALYST = NO;
				SUPPORTS_MAC_DESIGNED_FOR_IPHONE_IPAD = NO;
				SWIFT_EMIT_LOC_STRINGS = YES;
				SWIFT_VERSION = 5.0;
				TARGETED_DEVICE_FAMILY = 1;
			};
			name = Release;
		};
/* End XCBuildConfiguration section */

/* Begin XCConfigurationList section */
		3D2507982AFE6390008835E5 /* Build configuration list for PBXProject "TransportMonitoring" */ = {
			isa = XCConfigurationList;
			buildConfigurations = (
				3D2507A92AFE6392008835E5 /* Debug */,
				3D2507AA2AFE6392008835E5 /* Release */,
			);
			defaultConfigurationIsVisible = 0;
			defaultConfigurationName = Release;
		};
		3D2507AB2AFE6392008835E5 /* Build configuration list for PBXNativeTarget "TransportMonitoring" */ = {
			isa = XCConfigurationList;
			buildConfigurations = (
				3D2507AC2AFE6392008835E5 /* Debug */,
				3D2507AD2AFE6392008835E5 /* Release */,
			);
			defaultConfigurationIsVisible = 0;
			defaultConfigurationName = Release;
		};
/* End XCConfigurationList section */
	};
	rootObject = 3D2507952AFE6390008835E5 /* Project object */;
}
